{
  "name": "@marinaosmanova/ajs-node",
  "version": "1.0.0",
  "lockfileVersion": 1,
  "requires": true,
  "dependencies": {
    "@marinaosmanova/ajs": {
      "version": "1.0.0",
      "resolved": "https://npm.pkg.github.com/download/@marinaosmanova/ajs/1.0.0/2dc203d3559f91b495f77e9334214d6db6833eefc65c3ad15106c6287b79c5a4",
      "integrity": "sha512-0PadVyWG9Up2oSNoXkvWhjk8kFc07r1LzW5cKKkTj4FJw2Ly1/CqHQ54Qw0FX03ASJEKe35mxPB1uiUqJ9g2oA=="
    }
  }
}
